
Microsoft Visual Studio Solution File, Format Version 12.00
Project("{FAE04EC0-301F-11D3-BF4B-00C04F79EFBC}") = "AppHost", "src\AppHost\AppHost.csproj", "{6CA2CF78-3977-425A-AC08-2869C8BFD256}"
EndProject
Project("{FAE04EC0-301F-11D3-BF4B-00C04F79EFBC}") = "Gateway", "src\Gateway\Gateway.csproj", "{FEB39F68-88B6-48EA-BF5A-646352672E0D}"
EndProject
Project("{FAE04EC0-301F-11D3-BF4B-00C04F79EFBC}") = "ServiceDefaults", "src\ServiceDefaults\ServiceDefaults.csproj", "{4684A742-EA15-49BC-9D96-A0A255026F5B}"
EndProject
Project("{FAE04EC0-301F-11D3-BF4B-00C04F79EFBC}") = "ProjectManagement.Web", "src\ProjectManagement.Web\ProjectManagement.Web.csproj", "{E158DB59-1446-4F46-B65F-2FDB711F24DA}"
EndProject
Project("{FAE04EC0-301F-11D3-BF4B-00C04F79EFBC}") = "WebFrontend", "src\WebFrontend\WebFrontend.csproj", "{07B6E755-FC01-4FCB-8C8E-D4B1F831B33E}"
EndProject
Project("{FAE04EC0-301F-11D3-BF4B-00C04F79EFBC}") = "ProjectManagement.UseCases.UnitTests", "tests\ProjectManagement.UseCases.UnitTests\ProjectManagement.UseCases.UnitTests.csproj", "{049E4AB8-1C48-41E8-A5A9-282E4F291614}"
EndProject
Project("{2150E333-8FDC-42A3-9474-1A3956D46DE8}") = "src", "src", "{5DCBE184-D883-4D79-AD16-24DE9DE4A5C0}"
EndProject
Project("{2150E333-8FDC-42A3-9474-1A3956D46DE8}") = "tests", "tests", "{1D70BEF6-45D7-42AD-BA03-7E8F67BC2AE8}"
EndProject
Project("{FAE04EC0-301F-11D3-BF4B-00C04F79EFBC}") = "ProjectManagement.Domain", "src\ProjectManagement.Domain\ProjectManagement.Domain.csproj", "{7814A3B0-CAB3-42D1-A9F8-07F1E67BD019}"
EndProject
Project("{FAE04EC0-301F-11D3-BF4B-00C04F79EFBC}") = "ProjectManagement.UseCases", "src\ProjectManagement.UseCases\ProjectManagement.UseCases.csproj", "{A1C43EBD-1B9E-4088-A04F-6E3B691C21A2}"
EndProject
Project("{FAE04EC0-301F-11D3-BF4B-00C04F79EFBC}") = "ProjectManagement.App", "src\ProjectManagement.App\ProjectManagement.App.csproj", "{F30EFF16-DA78-414D-91A3-DCA168C6BD65}"
EndProject
Project("{FAE04EC0-301F-11D3-BF4B-00C04F79EFBC}") = "ProjectManagement.Migrations.Job", "src\ProjectManagement.Migrations.Job\ProjectManagement.Migrations.Job.csproj", "{EBC29399-BB06-43C1-B8CE-4845387C2947}"
EndProject
Project("{FAE04EC0-301F-11D3-BF4B-00C04F79EFBC}") = "ProjectManagement.Data", "src\ProjectManagement.Data\ProjectManagement.Data.csproj", "{93F8513A-FA80-497A-A82D-031D4911742F}"
EndProject
Project("{FAE04EC0-301F-11D3-BF4B-00C04F79EFBC}") = "ProjectManagement.IntegrationTests", "tests\ProjectManagement.IntegrationTests\ProjectManagement.IntegrationTests.csproj", "{DC8795FF-D0DF-4FDF-9F99-ED5D8BBADC55}"
EndProject
Project("{FAE04EC0-301F-11D3-BF4B-00C04F79EFBC}") = "ProjectManagement.Domain.UnitTests", "tests\ProjectManagement.Domain.UnitTests\ProjectManagement.Domain.UnitTests.csproj", "{CFA49FE1-DF14-43B2-8702-F8A03E9F4FE1}"
EndProject
Project("{FAE04EC0-301F-11D3-BF4B-00C04F79EFBC}") = "AppHost.IntegrationTests", "tests\AppHost.IntegrationTests\AppHost.IntegrationTests.csproj", "{5E532F2A-9EC1-4066-954C-3369106C5DAB}"
EndProject
Project("{FAE04EC0-301F-11D3-BF4B-00C04F79EFBC}") = "ProjectManagement.Migrations", "src\ProjectManagement.Migrations\ProjectManagement.Migrations.csproj", "{8AE0F2D9-DB14-48DA-B3FD-138AF8A6CB6B}"
EndProject
Global
	GlobalSection(SolutionConfigurationPlatforms) = preSolution
		Debug|Any CPU = Debug|Any CPU
		Release|Any CPU = Release|Any CPU
	EndGlobalSection
	GlobalSection(ProjectConfigurationPlatforms) = postSolution
		{6CA2CF78-3977-425A-AC08-2869C8BFD256}.Debug|Any CPU.ActiveCfg = Debug|Any CPU
		{6CA2CF78-3977-425A-AC08-2869C8BFD256}.Debug|Any CPU.Build.0 = Debug|Any CPU
		{6CA2CF78-3977-425A-AC08-2869C8BFD256}.Release|Any CPU.ActiveCfg = Release|Any CPU
		{6CA2CF78-3977-425A-AC08-2869C8BFD256}.Release|Any CPU.Build.0 = Release|Any CPU
		{FEB39F68-88B6-48EA-BF5A-646352672E0D}.Debug|Any CPU.ActiveCfg = Debug|Any CPU
		{FEB39F68-88B6-48EA-BF5A-646352672E0D}.Debug|Any CPU.Build.0 = Debug|Any CPU
		{FEB39F68-88B6-48EA-BF5A-646352672E0D}.Release|Any CPU.ActiveCfg = Release|Any CPU
		{FEB39F68-88B6-48EA-BF5A-646352672E0D}.Release|Any CPU.Build.0 = Release|Any CPU
		{4684A742-EA15-49BC-9D96-A0A255026F5B}.Debug|Any CPU.ActiveCfg = Debug|Any CPU
		{4684A742-EA15-49BC-9D96-A0A255026F5B}.Debug|Any CPU.Build.0 = Debug|Any CPU
		{4684A742-EA15-49BC-9D96-A0A255026F5B}.Release|Any CPU.ActiveCfg = Release|Any CPU
		{4684A742-EA15-49BC-9D96-A0A255026F5B}.Release|Any CPU.Build.0 = Release|Any CPU
		{E158DB59-1446-4F46-B65F-2FDB711F24DA}.Debug|Any CPU.ActiveCfg = Debug|Any CPU
		{E158DB59-1446-4F46-B65F-2FDB711F24DA}.Debug|Any CPU.Build.0 = Debug|Any CPU
		{E158DB59-1446-4F46-B65F-2FDB711F24DA}.Release|Any CPU.ActiveCfg = Release|Any CPU
		{E158DB59-1446-4F46-B65F-2FDB711F24DA}.Release|Any CPU.Build.0 = Release|Any CPU
		{07B6E755-FC01-4FCB-8C8E-D4B1F831B33E}.Debug|Any CPU.ActiveCfg = Debug|Any CPU
		{07B6E755-FC01-4FCB-8C8E-D4B1F831B33E}.Debug|Any CPU.Build.0 = Debug|Any CPU
		{07B6E755-FC01-4FCB-8C8E-D4B1F831B33E}.Release|Any CPU.ActiveCfg = Release|Any CPU
		{07B6E755-FC01-4FCB-8C8E-D4B1F831B33E}.Release|Any CPU.Build.0 = Release|Any CPU
		{049E4AB8-1C48-41E8-A5A9-282E4F291614}.Debug|Any CPU.ActiveCfg = Debug|Any CPU
		{049E4AB8-1C48-41E8-A5A9-282E4F291614}.Debug|Any CPU.Build.0 = Debug|Any CPU
		{049E4AB8-1C48-41E8-A5A9-282E4F291614}.Release|Any CPU.ActiveCfg = Release|Any CPU
		{049E4AB8-1C48-41E8-A5A9-282E4F291614}.Release|Any CPU.Build.0 = Release|Any CPU
		{7814A3B0-CAB3-42D1-A9F8-07F1E67BD019}.Debug|Any CPU.ActiveCfg = Debug|Any CPU
		{7814A3B0-CAB3-42D1-A9F8-07F1E67BD019}.Debug|Any CPU.Build.0 = Debug|Any CPU
		{7814A3B0-CAB3-42D1-A9F8-07F1E67BD019}.Release|Any CPU.ActiveCfg = Release|Any CPU
		{7814A3B0-CAB3-42D1-A9F8-07F1E67BD019}.Release|Any CPU.Build.0 = Release|Any CPU
		{A1C43EBD-1B9E-4088-A04F-6E3B691C21A2}.Debug|Any CPU.ActiveCfg = Debug|Any CPU
		{A1C43EBD-1B9E-4088-A04F-6E3B691C21A2}.Debug|Any CPU.Build.0 = Debug|Any CPU
		{A1C43EBD-1B9E-4088-A04F-6E3B691C21A2}.Release|Any CPU.ActiveCfg = Release|Any CPU
		{A1C43EBD-1B9E-4088-A04F-6E3B691C21A2}.Release|Any CPU.Build.0 = Release|Any CPU
		{F30EFF16-DA78-414D-91A3-DCA168C6BD65}.Debug|Any CPU.ActiveCfg = Debug|Any CPU
		{F30EFF16-DA78-414D-91A3-DCA168C6BD65}.Debug|Any CPU.Build.0 = Debug|Any CPU
		{F30EFF16-DA78-414D-91A3-DCA168C6BD65}.Release|Any CPU.ActiveCfg = Release|Any CPU
		{F30EFF16-DA78-414D-91A3-DCA168C6BD65}.Release|Any CPU.Build.0 = Release|Any CPU
		{EBC29399-BB06-43C1-B8CE-4845387C2947}.Debug|Any CPU.ActiveCfg = Debug|Any CPU
		{EBC29399-BB06-43C1-B8CE-4845387C2947}.Debug|Any CPU.Build.0 = Debug|Any CPU
		{EBC29399-BB06-43C1-B8CE-4845387C2947}.Release|Any CPU.ActiveCfg = Release|Any CPU
		{EBC29399-BB06-43C1-B8CE-4845387C2947}.Release|Any CPU.Build.0 = Release|Any CPU
		{93F8513A-FA80-497A-A82D-031D4911742F}.Debug|Any CPU.ActiveCfg = Debug|Any CPU
		{93F8513A-FA80-497A-A82D-031D4911742F}.Debug|Any CPU.Build.0 = Debug|Any CPU
		{93F8513A-FA80-497A-A82D-031D4911742F}.Release|Any CPU.ActiveCfg = Release|Any CPU
		{93F8513A-FA80-497A-A82D-031D4911742F}.Release|Any CPU.Build.0 = Release|Any CPU
		{DC8795FF-D0DF-4FDF-9F99-ED5D8BBADC55}.Debug|Any CPU.ActiveCfg = Debug|Any CPU
		{DC8795FF-D0DF-4FDF-9F99-ED5D8BBADC55}.Debug|Any CPU.Build.0 = Debug|Any CPU
		{DC8795FF-D0DF-4FDF-9F99-ED5D8BBADC55}.Release|Any CPU.ActiveCfg = Release|Any CPU
		{DC8795FF-D0DF-4FDF-9F99-ED5D8BBADC55}.Release|Any CPU.Build.0 = Release|Any CPU
		{CFA49FE1-DF14-43B2-8702-F8A03E9F4FE1}.Debug|Any CPU.ActiveCfg = Debug|Any CPU
		{CFA49FE1-DF14-43B2-8702-F8A03E9F4FE1}.Debug|Any CPU.Build.0 = Debug|Any CPU
		{CFA49FE1-DF14-43B2-8702-F8A03E9F4FE1}.Release|Any CPU.ActiveCfg = Release|Any CPU
		{CFA49FE1-DF14-43B2-8702-F8A03E9F4FE1}.Release|Any CPU.Build.0 = Release|Any CPU
		{5E532F2A-9EC1-4066-954C-3369106C5DAB}.Debug|Any CPU.ActiveCfg = Debug|Any CPU
		{5E532F2A-9EC1-4066-954C-3369106C5DAB}.Debug|Any CPU.Build.0 = Debug|Any CPU
		{5E532F2A-9EC1-4066-954C-3369106C5DAB}.Release|Any CPU.ActiveCfg = Release|Any CPU
		{5E532F2A-9EC1-4066-954C-3369106C5DAB}.Release|Any CPU.Build.0 = Release|Any CPU
		{8AE0F2D9-DB14-48DA-B3FD-138AF8A6CB6B}.Debug|Any CPU.ActiveCfg = Debug|Any CPU
		{8AE0F2D9-DB14-48DA-B3FD-138AF8A6CB6B}.Debug|Any CPU.Build.0 = Debug|Any CPU
		{8AE0F2D9-DB14-48DA-B3FD-138AF8A6CB6B}.Release|Any CPU.ActiveCfg = Release|Any CPU
		{8AE0F2D9-DB14-48DA-B3FD-138AF8A6CB6B}.Release|Any CPU.Build.0 = Release|Any CPU
	EndGlobalSection
	GlobalSection(NestedProjects) = preSolution
		{6CA2CF78-3977-425A-AC08-2869C8BFD256} = {5DCBE184-D883-4D79-AD16-24DE9DE4A5C0}
		{4684A742-EA15-49BC-9D96-A0A255026F5B} = {5DCBE184-D883-4D79-AD16-24DE9DE4A5C0}
		{FEB39F68-88B6-48EA-BF5A-646352672E0D} = {5DCBE184-D883-4D79-AD16-24DE9DE4A5C0}
		{07B6E755-FC01-4FCB-8C8E-D4B1F831B33E} = {5DCBE184-D883-4D79-AD16-24DE9DE4A5C0}
		{E158DB59-1446-4F46-B65F-2FDB711F24DA} = {5DCBE184-D883-4D79-AD16-24DE9DE4A5C0}
		{049E4AB8-1C48-41E8-A5A9-282E4F291614} = {1D70BEF6-45D7-42AD-BA03-7E8F67BC2AE8}
		{7814A3B0-CAB3-42D1-A9F8-07F1E67BD019} = {5DCBE184-D883-4D79-AD16-24DE9DE4A5C0}
		{A1C43EBD-1B9E-4088-A04F-6E3B691C21A2} = {5DCBE184-D883-4D79-AD16-24DE9DE4A5C0}
		{F30EFF16-DA78-414D-91A3-DCA168C6BD65} = {5DCBE184-D883-4D79-AD16-24DE9DE4A5C0}
		{93F8513A-FA80-497A-A82D-031D4911742F} = {5DCBE184-D883-4D79-AD16-24DE9DE4A5C0}
		{EBC29399-BB06-43C1-B8CE-4845387C2947} = {5DCBE184-D883-4D79-AD16-24DE9DE4A5C0}
		{DC8795FF-D0DF-4FDF-9F99-ED5D8BBADC55} = {1D70BEF6-45D7-42AD-BA03-7E8F67BC2AE8}
		{CFA49FE1-DF14-43B2-8702-F8A03E9F4FE1} = {1D70BEF6-45D7-42AD-BA03-7E8F67BC2AE8}
		{5E532F2A-9EC1-4066-954C-3369106C5DAB} = {1D70BEF6-45D7-42AD-BA03-7E8F67BC2AE8}
		{8AE0F2D9-DB14-48DA-B3FD-138AF8A6CB6B} = {5DCBE184-D883-4D79-AD16-24DE9DE4A5C0}
	EndGlobalSection
EndGlobal
